
Microsoft Visual Studio Solution File, Format Version 12.00
# Visual Studio Version 17
VisualStudioVersion = 17.8.34525.116
MinimumVisualStudioVersion = 10.0.40219.1
Project("{9A19103F-16F7-4668-BE54-9A1E7A4F7556}") = "Server", "Projet.NET\Server.csproj", "{EBC692B3-6BC2-4089-B2DF-BC15C03F0216}"
EndProject
Project("{9A19103F-16F7-4668-BE54-9A1E7A4F7556}") = "Shared", "Shared\Shared.csproj", "{DC36AF58-1EB4-480F-8813-9D771A61D8A8}"
EndProject
Project("{9A19103F-16F7-4668-BE54-9A1E7A4F7556}") = "Client", "Client\Client.csproj", "{925B700A-5528-4FA9-9CCD-ED74C49B85DD}"
	ProjectSection(ProjectDependencies) = postProject
		{DC36AF58-1EB4-480F-8813-9D771A61D8A8} = {DC36AF58-1EB4-480F-8813-9D771A61D8A8}
	EndProjectSection
EndProject
Global
	GlobalSection(SolutionConfigurationPlatforms) = preSolution
		Debug|Any CPU = Debug|Any CPU
		Release|Any CPU = Release|Any CPU
	EndGlobalSection
	GlobalSection(ProjectConfigurationPlatforms) = postSolution
		{EBC692B3-6BC2-4089-B2DF-BC15C03F0216}.Debug|Any CPU.ActiveCfg = Debug|Any CPU
		{EBC692B3-6BC2-4089-B2DF-BC15C03F0216}.Debug|Any CPU.Build.0 = Debug|Any CPU
		{EBC692B3-6BC2-4089-B2DF-BC15C03F0216}.Release|Any CPU.ActiveCfg = Release|Any CPU
		{EBC692B3-6BC2-4089-B2DF-BC15C03F0216}.Release|Any CPU.Build.0 = Release|Any CPU
		{DC36AF58-1EB4-480F-8813-9D771A61D8A8}.Debug|Any CPU.ActiveCfg = Debug|Any CPU
		{DC36AF58-1EB4-480F-8813-9D771A61D8A8}.Debug|Any CPU.Build.0 = Debug|Any CPU
		{DC36AF58-1EB4-480F-8813-9D771A61D8A8}.Release|Any CPU.ActiveCfg = Release|Any CPU
		{DC36AF58-1EB4-480F-8813-9D771A61D8A8}.Release|Any CPU.Build.0 = Release|Any CPU
		{925B700A-5528-4FA9-9CCD-ED74C49B85DD}.Debug|Any CPU.ActiveCfg = Debug|Any CPU
		{925B700A-5528-4FA9-9CCD-ED74C49B85DD}.Debug|Any CPU.Build.0 = Debug|Any CPU
		{925B700A-5528-4FA9-9CCD-ED74C49B85DD}.Release|Any CPU.ActiveCfg = Release|Any CPU
		{925B700A-5528-4FA9-9CCD-ED74C49B85DD}.Release|Any CPU.Build.0 = Release|Any CPU
	EndGlobalSection
	GlobalSection(SolutionProperties) = preSolution
		HideSolutionNode = FALSE
	EndGlobalSection
	GlobalSection(ExtensibilityGlobals) = postSolution
		SolutionGuid = {80497ABC-662F-45F4-8A63-257D636E0B21}
	EndGlobalSection
EndGlobal
